
Microsoft Visual Studio Solution File, Format Version 12.00
# Visual Studio Version 17
VisualStudioVersion = 17.4.33205.214
MinimumVisualStudioVersion = 10.0.40219.1
Project("{FAE04EC0-301F-11D3-BF4B-00C04F79EFBC}") = "Travel_Management_Train", "Travel_Management_Train\Travel_Management_Train.csproj", "{AD3EAB65-980D-403E-AE59-9C5B57CE7845}"
EndProject
Global
	GlobalSection(SolutionConfigurationPlatforms) = preSolution
		Debug|Any CPU = Debug|Any CPU
		Release|Any CPU = Release|Any CPU
	EndGlobalSection
	GlobalSection(ProjectConfigurationPlatforms) = postSolution
		{AD3EAB65-980D-403E-AE59-9C5B57CE7845}.Debug|Any CPU.ActiveCfg = Debug|Any CPU
		{AD3EAB65-980D-403E-AE59-9C5B57CE7845}.Debug|Any CPU.Build.0 = Debug|Any CPU
		{AD3EAB65-980D-403E-AE59-9C5B57CE7845}.Release|Any CPU.ActiveCfg = Release|Any CPU
		{AD3EAB65-980D-403E-AE59-9C5B57CE7845}.Release|Any CPU.Build.0 = Release|Any CPU
	EndGlobalSection
	GlobalSection(SolutionProperties) = preSolution
		HideSolutionNode = FALSE
	EndGlobalSection
	GlobalSection(ExtensibilityGlobals) = postSolution
		SolutionGuid = {17557836-B507-4ABF-9E1F-B4457FB95F37}
	EndGlobalSection
EndGlobal
